{
  "pins" : [
    {
      "identity" : "keyboardkit",
      "kind" : "localSourceControl",
      "location" : "/Users/giovannisimonicca/Documents/swipekeyboard/KeyboardKit",
      "state" : {
        "branch" : "master",
        "revision" : "57a76a518c673f153ed7bccee8ba6db4a4dd1ef1"
      }
    },
    {
      "identity" : "swiftuikit",
      "kind" : "remoteSourceControl",
      "location" : "https://github.com/danielsaidi/SwiftUIKit",
      "state" : {
        "revision" : "22ac256c38e6377ca30902adb9d2325274bbc43a",
        "version" : "2.9.3"
      }
    }
  ],
  "version" : 2
}
